// !$*UTF8*$!
{
	archiveVersion = 1;
	classes = {
	};
	objectVersion = 46;
	objects = {

/* Begin PBXBuildFile section */
		6DE707F51E42C8EF00CB7D81 /* AppDelegate.swift in Sources */ = {isa = PBXBuildFile; fileRef = 6DE707F41E42C8EF00CB7D81 /* AppDelegate.swift */; };
		6DE707F71E42C8EF00CB7D81 /* ViewController.swift in Sources */ = {isa = PBXBuildFile; fileRef = 6DE707F61E42C8EF00CB7D81 /* ViewController.swift */; };
		6DE707FA1E42C8EF00CB7D81 /* Main.storyboard in Resources */ = {isa = PBXBuildFile; fileRef = 6DE707F81E42C8EF00CB7D81 /* Main.storyboard */; };
		6DE707FC1E42C8EF00CB7D81 /* Assets.xcassets in Resources */ = {isa = PBXBuildFile; fileRef = 6DE707FB1E42C8EF00CB7D81 /* Assets.xcassets */; };
		6DE707FF1E42C8EF00CB7D81 /* LaunchScreen.storyboard in Resources */ = {isa = PBXBuildFile; fileRef = 6DE707FD1E42C8EF00CB7D81 /* LaunchScreen.storyboard */; };
		6DE7080A1E42C8EF00CB7D81 /* MPectusTests.swift in Sources */ = {isa = PBXBuildFile; fileRef = 6DE708091E42C8EF00CB7D81 /* MPectusTests.swift */; };
		6DE708151E42C8EF00CB7D81 /* MPectusUITests.swift in Sources */ = {isa = PBXBuildFile; fileRef = 6DE708141E42C8EF00CB7D81 /* MPectusUITests.swift */; };
/* End PBXBuildFile section */

/* Begin PBXContainerItemProxy section */
		6DE708061E42C8EF00CB7D81 /* PBXContainerItemProxy */ = {
			isa = PBXContainerItemProxy;
			containerPortal = 6DE707E91E42C8EF00CB7D81 /* Project object */;
			proxyType = 1;
			remoteGlobalIDString = 6DE707F01E42C8EF00CB7D81;
			remoteInfo = MPectus;
		};
		6DE708111E42C8EF00CB7D81 /* PBXContainerItemProxy */ = {
			isa = PBXContainerItemProxy;
			containerPortal = 6DE707E91E42C8EF00CB7D81 /* Project object */;
			proxyType = 1;
			remoteGlobalIDString = 6DE707F01E42C8EF00CB7D81;
			remoteInfo = MPectus;
		};
/* End PBXContainerItemProxy section */

/* Begin PBXFileReference section */
		6DE707F11E42C8EF00CB7D81 /* MPectus.app */ = {isa = PBXFileReference; explicitFileType = wrapper.application; includeInIndex = 0; path = MPectus.app; sourceTree = BUILT_PRODUCTS_DIR; };
		6DE707F41E42C8EF00CB7D81 /* AppDelegate.swift */ = {isa = PBXFileReference; lastKnownFileType = sourcecode.swift; path = AppDelegate.swift; sourceTree = "<group>"; };
		6DE707F61E42C8EF00CB7D81 /* ViewController.swift */ = {isa = PBXFileReference; lastKnownFileType = sourcecode.swift; path = ViewController.swift; sourceTree = "<group>"; };
		6DE707F91E42C8EF00CB7D81 /* Base */ = {isa = PBXFileReference; lastKnownFileType = file.storyboard; name = Base; path = Base.lproj/Main.storyboard; sourceTree = "<group>"; };
		6DE707FB1E42C8EF00CB7D81 /* Assets.xcassets */ = {isa = PBXFileReference; lastKnownFileType = folder.assetcatalog; path = Assets.xcassets; sourceTree = "<group>"; };
		6DE707FE1E42C8EF00CB7D81 /* Base */ = {isa = PBXFileReference; lastKnownFileType = file.storyboard; name = Base; path = Base.lproj/LaunchScreen.storyboard; sourceTree = "<group>"; };
		6DE708001E42C8EF00CB7D81 /* Info.plist */ = {isa = PBXFileReference; lastKnownFileType = text.plist.xml; path = Info.plist; sourceTree = "<group>"; };
		6DE708051E42C8EF00CB7D81 /* MPectusTests.xctest */ = {isa = PBXFileReference; explicitFileType = wrapper.cfbundle; includeInIndex = 0; path = MPectusTests.xctest; sourceTree = BUILT_PRODUCTS_DIR; };
		6DE708091E42C8EF00CB7D81 /* MPectusTests.swift */ = {isa = PBXFileReference; lastKnownFileType = sourcecode.swift; path = MPectusTests.swift; sourceTree = "<group>"; };
		6DE7080B1E42C8EF00CB7D81 /* Info.plist */ = {isa = PBXFileReference; lastKnownFileType = text.plist.xml; path = Info.plist; sourceTree = "<group>"; };
		6DE708101E42C8EF00CB7D81 /* MPectusUITests.xctest */ = {isa = PBXFileReference; explicitFileType = wrapper.cfbundle; includeInIndex = 0; path = MPectusUITests.xctest; sourceTree = BUILT_PRODUCTS_DIR; };
		6DE708141E42C8EF00CB7D81 /* MPectusUITests.swift */ = {isa = PBXFileReference; lastKnownFileType = sourcecode.swift; path = MPectusUITests.swift; sourceTree = "<group>"; };
		6DE708161E42C8EF00CB7D81 /* Info.plist */ = {isa = PBXFileReference; lastKnownFileType = text.plist.xml; path = Info.plist; sourceTree = "<group>"; };
/* End PBXFileReference section */

/* Begin PBXFrameworksBuildPhase section */
		6DE707EE1E42C8EF00CB7D81 /* Frameworks */ = {
			isa = PBXFrameworksBuildPhase;
			buildActionMask = 2147483647;
			files = (
			);
			runOnlyForDeploymentPostprocessing = 0;
		};
		6DE708021E42C8EF00CB7D81 /* Frameworks */ = {
			isa = PBXFrameworksBuildPhase;
			buildActionMask = 2147483647;
			files = (
			);
			runOnlyForDeploymentPostprocessing = 0;
		};
		6DE7080D1E42C8EF00CB7D81 /* Frameworks */ = {
			isa = PBXFrameworksBuildPhase;
			buildActionMask = 2147483647;
			files = (
			);
			runOnlyForDeploymentPostprocessing = 0;
		};
/* End PBXFrameworksBuildPhase section */

/* Begin PBXGroup section */
		6DE707E81E42C8EF00CB7D81 = {
			isa = PBXGroup;
			children = (
				6DE707F31E42C8EF00CB7D81 /* MPectus */,
				6DE708081E42C8EF00CB7D81 /* MPectusTests */,
				6DE708131E42C8EF00CB7D81 /* MPectusUITests */,
				6DE707F21E42C8EF00CB7D81 /* Products */,
			);
			sourceTree = "<group>";
		};
		6DE707F21E42C8EF00CB7D81 /* Products */ = {
			isa = PBXGroup;
			children = (
				6DE707F11E42C8EF00CB7D81 /* MPectus.app */,
				6DE708051E42C8EF00CB7D81 /* MPectusTests.xctest */,
				6DE708101E42C8EF00CB7D81 /* MPectusUITests.xctest */,
			);
			name = Products;
			sourceTree = "<group>";
		};
		6DE707F31E42C8EF00CB7D81 /* MPectus */ = {
			isa = PBXGroup;
			children = (
				6DE707F41E42C8EF00CB7D81 /* AppDelegate.swift */,
				6DE707F61E42C8EF00CB7D81 /* ViewController.swift */,
				6DE707F81E42C8EF00CB7D81 /* Main.storyboard */,
				6DE707FB1E42C8EF00CB7D81 /* Assets.xcassets */,
				6DE707FD1E42C8EF00CB7D81 /* LaunchScreen.storyboard */,
				6DE708001E42C8EF00CB7D81 /* Info.plist */,
			);
			path = MPectus;
			sourceTree = "<group>";
		};
		6DE708081E42C8EF00CB7D81 /* MPectusTests */ = {
			isa = PBXGroup;
			children = (
				6DE708091E42C8EF00CB7D81 /* MPectusTests.swift */,
				6DE7080B1E42C8EF00CB7D81 /* Info.plist */,
			);
			path = MPectusTests;
			sourceTree = "<group>";
		};
		6DE708131E42C8EF00CB7D81 /* MPectusUITests */ = {
			isa = PBXGroup;
			children = (
				6DE708141E42C8EF00CB7D81 /* MPectusUITests.swift */,
				6DE708161E42C8EF00CB7D81 /* Info.plist */,
			);
			path = MPectusUITests;
			sourceTree = "<group>";
		};
/* End PBXGroup section */

/* Begin PBXNativeTarget section */
		6DE707F01E42C8EF00CB7D81 /* MPectus */ = {
			isa = PBXNativeTarget;
			buildConfigurationList = 6DE708191E42C8EF00CB7D81 /* Build configuration list for PBXNativeTarget "MPectus" */;
			buildPhases = (
				6DE707ED1E42C8EF00CB7D81 /* Sources */,
				6DE707EE1E42C8EF00CB7D81 /* Frameworks */,
				6DE707EF1E42C8EF00CB7D81 /* Resources */,
			);
			buildRules = (
			);
			dependencies = (
			);
			name = MPectus;
			productName = MPectus;
			productReference = 6DE707F11E42C8EF00CB7D81 /* MPectus.app */;
			productType = "com.apple.product-type.application";
		};
		6DE708041E42C8EF00CB7D81 /* MPectusTests */ = {
			isa = PBXNativeTarget;
			buildConfigurationList = 6DE7081C1E42C8EF00CB7D81 /* Build configuration list for PBXNativeTarget "MPectusTests" */;
			buildPhases = (
				6DE708011E42C8EF00CB7D81 /* Sources */,
				6DE708021E42C8EF00CB7D81 /* Frameworks */,
				6DE708031E42C8EF00CB7D81 /* Resources */,
			);
			buildRules = (
			);
			dependencies = (
				6DE708071E42C8EF00CB7D81 /* PBXTargetDependency */,
			);
			name = MPectusTests;
			productName = MPectusTests;
			productReference = 6DE708051E42C8EF00CB7D81 /* MPectusTests.xctest */;
			productType = "com.apple.product-type.bundle.unit-test";
		};
		6DE7080F1E42C8EF00CB7D81 /* MPectusUITests */ = {
			isa = PBXNativeTarget;
			buildConfigurationList = 6DE7081F1E42C8EF00CB7D81 /* Build configuration list for PBXNativeTarget "MPectusUITests" */;
			buildPhases = (
				6DE7080C1E42C8EF00CB7D81 /* Sources */,
				6DE7080D1E42C8EF00CB7D81 /* Frameworks */,
				6DE7080E1E42C8EF00CB7D81 /* Resources */,
			);
			buildRules = (
			);
			dependencies = (
				6DE708121E42C8EF00CB7D81 /* PBXTargetDependency */,
			);
			name = MPectusUITests;
			productName = MPectusUITests;
			productReference = 6DE708101E42C8EF00CB7D81 /* MPectusUITests.xctest */;
			productType = "com.apple.product-type.bundle.ui-testing";
		};
/* End PBXNativeTarget section */

/* Begin PBXProject section */
		6DE707E91E42C8EF00CB7D81 /* Project object */ = {
			isa = PBXProject;
			attributes = {
				LastSwiftUpdateCheck = 0820;
				LastUpgradeCheck = 0820;
				ORGANIZATIONNAME = EECS481;
				TargetAttributes = {
					6DE707F01E42C8EF00CB7D81 = {
						CreatedOnToolsVersion = 8.2.1;
						DevelopmentTeam = 365STYJGN8;
						ProvisioningStyle = Automatic;
					};
					6DE708041E42C8EF00CB7D81 = {
						CreatedOnToolsVersion = 8.2.1;
						DevelopmentTeam = 365STYJGN8;
						ProvisioningStyle = Automatic;
						TestTargetID = 6DE707F01E42C8EF00CB7D81;
					};
					6DE7080F1E42C8EF00CB7D81 = {
						CreatedOnToolsVersion = 8.2.1;
						DevelopmentTeam = 365STYJGN8;
						ProvisioningStyle = Automatic;
						TestTargetID = 6DE707F01E42C8EF00CB7D81;
					};
				};
			};
			buildConfigurationList = 6DE707EC1E42C8EF00CB7D81 /* Build configuration list for PBXProject "MPectus" */;
			compatibilityVersion = "Xcode 3.2";
			developmentRegion = English;
			hasScannedForEncodings = 0;
			knownRegions = (
				en,
				Base,
			);
			mainGroup = 6DE707E81E42C8EF00CB7D81;
			productRefGroup = 6DE707F21E42C8EF00CB7D81 /* Products */;
			projectDirPath = "";
			projectRoot = "";
			targets = (
				6DE707F01E42C8EF00CB7D81 /* MPectus */,
				6DE708041E42C8EF00CB7D81 /* MPectusTests */,
				6DE7080F1E42C8EF00CB7D81 /* MPectusUITests */,
			);
		};
/* End PBXProject section */

/* Begin PBXResourcesBuildPhase section */
		6DE707EF1E42C8EF00CB7D81 /* Resources */ = {
			isa = PBXResourcesBuildPhase;
			buildActionMask = 2147483647;
			files = (
				6DE707FF1E42C8EF00CB7D81 /* LaunchScreen.storyboard in Resources */,
				6DE707FC1E42C8EF00CB7D81 /* Assets.xcassets in Resources */,
				6DE707FA1E42C8EF00CB7D81 /* Main.storyboard in Resources */,
			);
			runOnlyForDeploymentPostprocessing = 0;
		};
		6DE708031E42C8EF00CB7D81 /* Resources */ = {
			isa = PBXResourcesBuildPhase;
			buildActionMask = 2147483647;
			files = (
			);
			runOnlyForDeploymentPostprocessing = 0;
		};
		6DE7080E1E42C8EF00CB7D81 /* Resources */ = {
			isa = PBXResourcesBuildPhase;
			buildActionMask = 2147483647;
			files = (
			);
			runOnlyForDeploymentPostprocessing = 0;
		};
/* End PBXResourcesBuildPhase section */

/* Begin PBXSourcesBuildPhase section */
		6DE707ED1E42C8EF00CB7D81 /* Sources */ = {
			isa = PBXSourcesBuildPhase;
			buildActionMask = 2147483647;
			files = (
				6DE707F71E42C8EF00CB7D81 /* ViewController.swift in Sources */,
				6DE707F51E42C8EF00CB7D81 /* AppDelegate.swift in Sources */,
			);
			runOnlyForDeploymentPostprocessing = 0;
		};
		6DE708011E42C8EF00CB7D81 /* Sources */ = {
			isa = PBXSourcesBuildPhase;
			buildActionMask = 2147483647;
			files = (
				6DE7080A1E42C8EF00CB7D81 /* MPectusTests.swift in Sources */,
			);
			runOnlyForDeploymentPostprocessing = 0;
		};
		6DE7080C1E42C8EF00CB7D81 /* Sources */ = {
			isa = PBXSourcesBuildPhase;
			buildActionMask = 2147483647;
			files = (
				6DE708151E42C8EF00CB7D81 /* MPectusUITests.swift in Sources */,
			);
			runOnlyForDeploymentPostprocessing = 0;
		};
/* End PBXSourcesBuildPhase section */

/* Begin PBXTargetDependency section */
		6DE708071E42C8EF00CB7D81 /* PBXTargetDependency */ = {
			isa = PBXTargetDependency;
			target = 6DE707F01E42C8EF00CB7D81 /* MPectus */;
			targetProxy = 6DE708061E42C8EF00CB7D81 /* PBXContainerItemProxy */;
		};
		6DE708121E42C8EF00CB7D81 /* PBXTargetDependency */ = {
			isa = PBXTargetDependency;
			target = 6DE707F01E42C8EF00CB7D81 /* MPectus */;
			targetProxy = 6DE708111E42C8EF00CB7D81 /* PBXContainerItemProxy */;
		};
/* End PBXTargetDependency section */

/* Begin PBXVariantGroup section */
		6DE707F81E42C8EF00CB7D81 /* Main.storyboard */ = {
			isa = PBXVariantGroup;
			children = (
				6DE707F91E42C8EF00CB7D81 /* Base */,
			);
			name = Main.storyboard;
			sourceTree = "<group>";
		};
		6DE707FD1E42C8EF00CB7D81 /* LaunchScreen.storyboard */ = {
			isa = PBXVariantGroup;
			children = (
				6DE707FE1E42C8EF00CB7D81 /* Base */,
			);
			name = LaunchScreen.storyboard;
			sourceTree = "<group>";
		};
/* End PBXVariantGroup section */

/* Begin XCBuildConfiguration section */
		6DE708171E42C8EF00CB7D81 /* Debug */ = {
			isa = XCBuildConfiguration;
			buildSettings = {
				ALWAYS_SEARCH_USER_PATHS = NO;
				CLANG_ANALYZER_NONNULL = YES;
				CLANG_CXX_LANGUAGE_STANDARD = "gnu++0x";
				CLANG_CXX_LIBRARY = "libc++";
				CLANG_ENABLE_MODULES = YES;
				CLANG_ENABLE_OBJC_ARC = YES;
				CLANG_WARN_BOOL_CONVERSION = YES;
				CLANG_WARN_CONSTANT_CONVERSION = YES;
				CLANG_WARN_DIRECT_OBJC_ISA_USAGE = YES_ERROR;
				CLANG_WARN_DOCUMENTATION_COMMENTS = YES;
				CLANG_WARN_EMPTY_BODY = YES;
				CLANG_WARN_ENUM_CONVERSION = YES;
				CLANG_WARN_INFINITE_RECURSION = YES;
				CLANG_WARN_INT_CONVERSION = YES;
				CLANG_WARN_OBJC_ROOT_CLASS = YES_ERROR;
				CLANG_WARN_SUSPICIOUS_MOVE = YES;
				CLANG_WARN_UNREACHABLE_CODE = YES;
				CLANG_WARN__DUPLICATE_METHOD_MATCH = YES;
				"CODE_SIGN_IDENTITY[sdk=iphoneos*]" = "iPhone Developer";
				COPY_PHASE_STRIP = NO;
				DEBUG_INFORMATION_FORMAT = dwarf;
				ENABLE_STRICT_OBJC_MSGSEND = YES;
				ENABLE_TESTABILITY = YES;
				GCC_C_LANGUAGE_STANDARD = gnu99;
				GCC_DYNAMIC_NO_PIC = NO;
				GCC_NO_COMMON_BLOCKS = YES;
				GCC_OPTIMIZATION_LEVEL = 0;
				GCC_PREPROCESSOR_DEFINITIONS = (
					"DEBUG=1",
					"$(inherited)",
				);
				GCC_WARN_64_TO_32_BIT_CONVERSION = YES;
				GCC_WARN_ABOUT_RETURN_TYPE = YES_ERROR;
				GCC_WARN_UNDECLARED_SELECTOR = YES;
				GCC_WARN_UNINITIALIZED_AUTOS = YES_AGGRESSIVE;
				GCC_WARN_UNUSED_FUNCTION = YES;
				GCC_WARN_UNUSED_VARIABLE = YES;
				IPHONEOS_DEPLOYMENT_TARGET = 10.2;
				MTL_ENABLE_DEBUG_INFO = YES;
				ONLY_ACTIVE_ARCH = YES;
				SDKROOT = iphoneos;
				SWIFT_ACTIVE_COMPILATION_CONDITIONS = DEBUG;
				SWIFT_OPTIMIZATION_LEVEL = "-Onone";
				TARGETED_DEVICE_FAMILY = 2;
			};
			name = Debug;
		};
		6DE708181E42C8EF00CB7D81 /* Release */ = {
			isa = XCBuildConfiguration;
			buildSettings = {
				ALWAYS_SEARCH_USER_PATHS = NO;
				CLANG_ANALYZER_NONNULL = YES;
				CLANG_CXX_LANGUAGE_STANDARD = "gnu++0x";
				CLANG_CXX_LIBRARY = "libc++";
				CLANG_ENABLE_MODULES = YES;
				CLANG_ENABLE_OBJC_ARC = YES;
				CLANG_WARN_BOOL_CONVERSION = YES;
				CLANG_WARN_CONSTANT_CONVERSION = YES;
				CLANG_WARN_DIRECT_OBJC_ISA_USAGE = YES_ERROR;
				CLANG_WARN_DOCUMENTATION_COMMENTS = YES;
				CLANG_WARN_EMPTY_BODY = YES;
				CLANG_WARN_ENUM_CONVERSION = YES;
				CLANG_WARN_INFINITE_RECURSION = YES;
				CLANG_WARN_INT_CONVERSION = YES;
				CLANG_WARN_OBJC_ROOT_CLASS = YES_ERROR;
				CLANG_WARN_SUSPICIOUS_MOVE = YES;
				CLANG_WARN_UNREACHABLE_CODE = YES;
				CLANG_WARN__DUPLICATE_METHOD_MATCH = YES;
				"CODE_SIGN_IDENTITY[sdk=iphoneos*]" = "iPhone Developer";
				COPY_PHASE_STRIP = NO;
				DEBUG_INFORMATION_FORMAT = "dwarf-with-dsym";
				ENABLE_NS_ASSERTIONS = NO;
				ENABLE_STRICT_OBJC_MSGSEND = YES;
				GCC_C_LANGUAGE_STANDARD = gnu99;
				GCC_NO_COMMON_BLOCKS = YES;
				GCC_WARN_64_TO_32_BIT_CONVERSION = YES;
				GCC_WARN_ABOUT_RETURN_TYPE = YES_ERROR;
				GCC_WARN_UNDECLARED_SELECTOR = YES;
				GCC_WARN_UNINITIALIZED_AUTOS = YES_AGGRESSIVE;
				GCC_WARN_UNUSED_FUNCTION = YES;
				GCC_WARN_UNUSED_VARIABLE = YES;
				IPHONEOS_DEPLOYMENT_TARGET = 10.2;
				MTL_ENABLE_DEBUG_INFO = NO;
				SDKROOT = iphoneos;
				SWIFT_OPTIMIZATION_LEVEL = "-Owholemodule";
				TARGETED_DEVICE_FAMILY = 2;
				VALIDATE_PRODUCT = YES;
			};
			name = Release;
		};
		6DE7081A1E42C8EF00CB7D81 /* Debug */ = {
			isa = XCBuildConfiguration;
			buildSettings = {
				ASSETCATALOG_COMPILER_APPICON_NAME = AppIcon;
				DEVELOPMENT_TEAM = 365STYJGN8;
				INFOPLIST_FILE = MPectus/Info.plist;
				LD_RUNPATH_SEARCH_PATHS = "$(inherited) @executable_path/Frameworks";
				PRODUCT_BUNDLE_IDENTIFIER = EECS481.MPectus;
				PRODUCT_NAME = "$(TARGET_NAME)";
				SWIFT_VERSION = 3.0;
			};
			name = Debug;
		};
		6DE7081B1E42C8EF00CB7D81 /* Release */ = {
			isa = XCBuildConfiguration;
			buildSettings = {
				ASSETCATALOG_COMPILER_APPICON_NAME = AppIcon;
				DEVELOPMENT_TEAM = 365STYJGN8;
				INFOPLIST_FILE = MPectus/Info.plist;
				LD_RUNPATH_SEARCH_PATHS = "$(inherited) @executable_path/Frameworks";
				PRODUCT_BUNDLE_IDENTIFIER = EECS481.MPectus;
				PRODUCT_NAME = "$(TARGET_NAME)";
				SWIFT_VERSION = 3.0;
			};
			name = Release;
		};
		6DE7081D1E42C8EF00CB7D81 /* Debug */ = {
			isa = XCBuildConfiguration;
			buildSettings = {
				ALWAYS_EMBED_SWIFT_STANDARD_LIBRARIES = YES;
				BUNDLE_LOADER = "$(TEST_HOST)";
				DEVELOPMENT_TEAM = 365STYJGN8;
				INFOPLIST_FILE = MPectusTests/Info.plist;
				LD_RUNPATH_SEARCH_PATHS = "$(inherited) @executable_path/Frameworks @loader_path/Frameworks";
				PRODUCT_BUNDLE_IDENTIFIER = EECS481.MPectusTests;
				PRODUCT_NAME = "$(TARGET_NAME)";
				SWIFT_VERSION = 3.0;
				TEST_HOST = "$(BUILT_PRODUCTS_DIR)/MPectus.app/MPectus";
			};
			name = Debug;
		};
		6DE7081E1E42C8EF00CB7D81 /* Release */ = {
			isa = XCBuildConfiguration;
			buildSettings = {
				ALWAYS_EMBED_SWIFT_STANDARD_LIBRARIES = YES;
				BUNDLE_LOADER = "$(TEST_HOST)";
				DEVELOPMENT_TEAM = 365STYJGN8;
				INFOPLIST_FILE = MPectusTests/Info.plist;
				LD_RUNPATH_SEARCH_PATHS = "$(inherited) @executable_path/Frameworks @loader_path/Frameworks";
				PRODUCT_BUNDLE_IDENTIFIER = EECS481.MPectusTests;
				PRODUCT_NAME = "$(TARGET_NAME)";
				SWIFT_VERSION = 3.0;
				TEST_HOST = "$(BUILT_PRODUCTS_DIR)/MPectus.app/MPectus";
			};
			name = Release;
		};
		6DE708201E42C8EF00CB7D81 /* Debug */ = {
			isa = XCBuildConfiguration;
			buildSettings = {
				ALWAYS_EMBED_SWIFT_STANDARD_LIBRARIES = YES;
				DEVELOPMENT_TEAM = 365STYJGN8;
				INFOPLIST_FILE = MPectusUITests/Info.plist;
				LD_RUNPATH_SEARCH_PATHS = "$(inherited) @executable_path/Frameworks @loader_path/Frameworks";
				PRODUCT_BUNDLE_IDENTIFIER = EECS481.MPectusUITests;
				PRODUCT_NAME = "$(TARGET_NAME)";
				SWIFT_VERSION = 3.0;
				TEST_TARGET_NAME = MPectus;
			};
			name = Debug;
		};
		6DE708211E42C8EF00CB7D81 /* Release */ = {
			isa = XCBuildConfiguration;
			buildSettings = {
				ALWAYS_EMBED_SWIFT_STANDARD_LIBRARIES = YES;
				DEVELOPMENT_TEAM = 365STYJGN8;
				INFOPLIST_FILE = MPectusUITests/Info.plist;
				LD_RUNPATH_SEARCH_PATHS = "$(inherited) @executable_path/Frameworks @loader_path/Frameworks";
				PRODUCT_BUNDLE_IDENTIFIER = EECS481.MPectusUITests;
				PRODUCT_NAME = "$(TARGET_NAME)";
				SWIFT_VERSION = 3.0;
				TEST_TARGET_NAME = MPectus;
			};
			name = Release;
		};
/* End XCBuildConfiguration section */

/* Begin XCConfigurationList section */
		6DE707EC1E42C8EF00CB7D81 /* Build configuration list for PBXProject "MPectus" */ = {
			isa = XCConfigurationList;
			buildConfigurations = (
				6DE708171E42C8EF00CB7D81 /* Debug */,
				6DE708181E42C8EF00CB7D81 /* Release */,
			);
			defaultConfigurationIsVisible = 0;
			defaultConfigurationName = Release;
		};
		6DE708191E42C8EF00CB7D81 /* Build configuration list for PBXNativeTarget "MPectus" */ = {
			isa = XCConfigurationList;
			buildConfigurations = (
				6DE7081A1E42C8EF00CB7D81 /* Debug */,
				6DE7081B1E42C8EF00CB7D81 /* Release */,
			);
			defaultConfigurationIsVisible = 0;
			defaultConfigurationName = Release;
		};
		6DE7081C1E42C8EF00CB7D81 /* Build configuration list for PBXNativeTarget "MPectusTests" */ = {
			isa = XCConfigurationList;
			buildConfigurations = (
				6DE7081D1E42C8EF00CB7D81 /* Debug */,
				6DE7081E1E42C8EF00CB7D81 /* Release */,
			);
			defaultConfigurationIsVisible = 0;
			defaultConfigurationName = Release;
		};
		6DE7081F1E42C8EF00CB7D81 /* Build configuration list for PBXNativeTarget "MPectusUITests" */ = {
			isa = XCConfigurationList;
			buildConfigurations = (
				6DE708201E42C8EF00CB7D81 /* Debug */,
				6DE708211E42C8EF00CB7D81 /* Release */,
			);
			defaultConfigurationIsVisible = 0;
			defaultConfigurationName = Release;
		};
/* End XCConfigurationList section */
	};
	rootObject = 6DE707E91E42C8EF00CB7D81 /* Project object */;
}
